
Microsoft Visual Studio Solution File, Format Version 12.00
# Visual Studio Version 17
VisualStudioVersion = 17.0.32802.463
MinimumVisualStudioVersion = 10.0.40219.1
Project("{9A19103F-16F7-4668-BE54-9A1E7A4F7556}") = "VeryGenericSite", "VeryGenericSite\VeryGenericSite.csproj", "{FE0E6710-8FEF-4AE1-9F36-D312B530D36C}"
EndProject
Global
	GlobalSection(SolutionConfigurationPlatforms) = preSolution
		Debug|Any CPU = Debug|Any CPU
		Release|Any CPU = Release|Any CPU
	EndGlobalSection
	GlobalSection(ProjectConfigurationPlatforms) = postSolution
		{FE0E6710-8FEF-4AE1-9F36-D312B530D36C}.Debug|Any CPU.ActiveCfg = Debug|Any CPU
		{FE0E6710-8FEF-4AE1-9F36-D312B530D36C}.Debug|Any CPU.Build.0 = Debug|Any CPU
		{FE0E6710-8FEF-4AE1-9F36-D312B530D36C}.Release|Any CPU.ActiveCfg = Release|Any CPU
		{FE0E6710-8FEF-4AE1-9F36-D312B530D36C}.Release|Any CPU.Build.0 = Release|Any CPU
	EndGlobalSection
	GlobalSection(SolutionProperties) = preSolution
		HideSolutionNode = FALSE
	EndGlobalSection
	GlobalSection(ExtensibilityGlobals) = postSolution
		SolutionGuid = {3BC8BE33-D4D2-4743-B89F-E694FBB3249F}
	EndGlobalSection
EndGlobal
